
Microsoft Visual Studio Solution File, Format Version 12.00
# Visual Studio Version 16
VisualStudioVersion = 16.0.32228.343
MinimumVisualStudioVersion = 10.0.40219.1
Project("{FAE04EC0-301F-11D3-BF4B-00C04F79EFBC}") = "hw1q5", "hw1q5\hw1q5.csproj", "{BF800A95-7EF1-468E-AF84-98CA64E1A389}"
EndProject
Global
	GlobalSection(SolutionConfigurationPlatforms) = preSolution
		Debug|Any CPU = Debug|Any CPU
		Release|Any CPU = Release|Any CPU
	EndGlobalSection
	GlobalSection(ProjectConfigurationPlatforms) = postSolution
		{BF800A95-7EF1-468E-AF84-98CA64E1A389}.Debug|Any CPU.ActiveCfg = Debug|Any CPU
		{BF800A95-7EF1-468E-AF84-98CA64E1A389}.Debug|Any CPU.Build.0 = Debug|Any CPU
		{BF800A95-7EF1-468E-AF84-98CA64E1A389}.Release|Any CPU.ActiveCfg = Release|Any CPU
		{BF800A95-7EF1-468E-AF84-98CA64E1A389}.Release|Any CPU.Build.0 = Release|Any CPU
	EndGlobalSection
	GlobalSection(SolutionProperties) = preSolution
		HideSolutionNode = FALSE
	EndGlobalSection
	GlobalSection(ExtensibilityGlobals) = postSolution
		SolutionGuid = {11EAAB6B-B3B8-4AD8-94FD-E3CDE26BE319}
	EndGlobalSection
EndGlobal
