
Microsoft Visual Studio Solution File, Format Version 12.00
# Visual Studio Version 16
VisualStudioVersion = 16.0.32228.343
MinimumVisualStudioVersion = 10.0.40219.1
Project("{FAE04EC0-301F-11D3-BF4B-00C04F79EFBC}") = "hw1q6", "hw1q6\hw1q6.csproj", "{B0555C85-5B11-4CD7-8E91-580D774AE61A}"
EndProject
Global
	GlobalSection(SolutionConfigurationPlatforms) = preSolution
		Debug|Any CPU = Debug|Any CPU
		Release|Any CPU = Release|Any CPU
	EndGlobalSection
	GlobalSection(ProjectConfigurationPlatforms) = postSolution
		{B0555C85-5B11-4CD7-8E91-580D774AE61A}.Debug|Any CPU.ActiveCfg = Debug|Any CPU
		{B0555C85-5B11-4CD7-8E91-580D774AE61A}.Debug|Any CPU.Build.0 = Debug|Any CPU
		{B0555C85-5B11-4CD7-8E91-580D774AE61A}.Release|Any CPU.ActiveCfg = Release|Any CPU
		{B0555C85-5B11-4CD7-8E91-580D774AE61A}.Release|Any CPU.Build.0 = Release|Any CPU
	EndGlobalSection
	GlobalSection(SolutionProperties) = preSolution
		HideSolutionNode = FALSE
	EndGlobalSection
	GlobalSection(ExtensibilityGlobals) = postSolution
		SolutionGuid = {69E074B6-689B-4805-ADAF-C4F2E0C481E3}
	EndGlobalSection
EndGlobal
